
Microsoft Visual Studio Solution File, Format Version 12.00
# Visual Studio 2012
Project("{FAE04EC0-301F-11D3-BF4B-00C04F79EFBC}") = "NameSortingApp", "NameSortingApp\NameSortingApp.csproj", "{A08B8E3A-9165-4C46-9620-3A4426EA5724}"
EndProject
Project("{FAE04EC0-301F-11D3-BF4B-00C04F79EFBC}") = "UnitTests", "UnitTests\UnitTests.csproj", "{90B3A7E6-BAA9-4A7F-960D-F5A49B65F4C2}"
EndProject
Global
	GlobalSection(SolutionConfigurationPlatforms) = preSolution
		Debug|Any CPU = Debug|Any CPU
		Release|Any CPU = Release|Any CPU
	EndGlobalSection
	GlobalSection(ProjectConfigurationPlatforms) = postSolution
		{A08B8E3A-9165-4C46-9620-3A4426EA5724}.Debug|Any CPU.ActiveCfg = Debug|Any CPU
		{A08B8E3A-9165-4C46-9620-3A4426EA5724}.Debug|Any CPU.Build.0 = Debug|Any CPU
		{A08B8E3A-9165-4C46-9620-3A4426EA5724}.Release|Any CPU.ActiveCfg = Release|Any CPU
		{A08B8E3A-9165-4C46-9620-3A4426EA5724}.Release|Any CPU.Build.0 = Release|Any CPU
		{90B3A7E6-BAA9-4A7F-960D-F5A49B65F4C2}.Debug|Any CPU.ActiveCfg = Debug|Any CPU
		{90B3A7E6-BAA9-4A7F-960D-F5A49B65F4C2}.Debug|Any CPU.Build.0 = Debug|Any CPU
		{90B3A7E6-BAA9-4A7F-960D-F5A49B65F4C2}.Release|Any CPU.ActiveCfg = Release|Any CPU
		{90B3A7E6-BAA9-4A7F-960D-F5A49B65F4C2}.Release|Any CPU.Build.0 = Release|Any CPU
	EndGlobalSection
	GlobalSection(SolutionProperties) = preSolution
		HideSolutionNode = FALSE
	EndGlobalSection
EndGlobal
